<?xml version="1.0" encoding="utf-8"?>
<Project ToolsVersion="4.0" xmlns="http://schemas.microsoft.com/developer/msbuild/2003">
  <ItemGroup>
    <Filter Include="Source Files">
      <UniqueIdentifier>{4FC737F1-C7A5-4376-A066-2A32D752A2FF}</UniqueIdentifier>
      <Extensions>cpp;c;cc;cxx;def;odl;idl;hpj;bat;asm;asmx</Extensions>
    </Filter>
    <Filter Include="Header Files">
      <UniqueIdentifier>{93995380-89BD-4b04-88EB-625FBE52EBFB}</UniqueIdentifier>
      <Extensions>h;hpp;hxx;hm;inl;inc;xsd</Extensions>
    </Filter>
    <Filter Include="Resource Files">
      <UniqueIdentifier>{67DA6AB6-F800-4c08-8B7A-83BB121AAD01}</UniqueIdentifier>
      <Extensions>rc;ico;cur;bmp;dlg;rc2;rct;bin;rgs;gif;jpg;jpeg;jpe;resx;tiff;tif;png;wav;mfcribbon-ms</Extensions>
    </Filter>
    <Filter Include="Interfaces">
      <UniqueIdentifier>{422a1d28-a99e-4d99-bcd6-2dda2214ee14}</UniqueIdentifier>
    </Filter>
  </ItemGroup>
  <ItemGroup>
    <Text Include="ReadMe.txt" />
  </ItemGroup>
  <ItemGroup>
    <ClInclude Include="stdafx.h">
      <Filter>Header Files</Filter>
    </ClInclude>
    <ClInclude Include="targetver.h">
      <Filter>Header Files</Filter>
    </ClInclude>
    <ClInclude Include="IJitterBufferImpl.h">
      <Filter>Header Files</Filter>
    </ClInclude>
    <ClInclude Include="FragmentStore.h">
      <Filter>Header Files</Filter>
    </ClInclude>
    <ClInclude Include="UnrenderedFrame.h">
      <Filter>Header Files</Filter>
    </ClInclude>
    <ClInclude Include="common.h">
      <Filter>Header Files</Filter>
    </ClInclude>
    <ClInclude Include="IFrameSinkImpl.h">
      <Filter>Header Files</Filter>
    </ClInclude>
    <ClInclude Include="IFrameSink.h">
      <Filter>Header Files</Filter>
    </ClInclude>
    <ClInclude Include="PreRenderFrameSink.h">
      <Filter>Header Files</Filter>
    </ClInclude>
    <ClInclude Include="PreDecodeFrameSink.h">
      <Filter>Header Files</Filter>
    </ClInclude>
    <ClInclude Include="IRenderer.h">
      <Filter>Interfaces</Filter>
    </ClInclude>
    <ClInclude Include="IDecoder.h">
      <Filter>Interfaces</Filter>
    </ClInclude>
    <ClInclude Include="IJitterbuffer.h">
      <Filter>Interfaces</Filter>
    </ClInclude>
  </ItemGroup>
  <ItemGroup>
    <ClCompile Include="stdafx.cpp">
      <Filter>Source Files</Filter>
    </ClCompile>
    <ClCompile Include="IJitterBufferImpl.cpp">
      <Filter>Source Files</Filter>
    </ClCompile>
    <ClCompile Include="FragmentStore.cpp">
      <Filter>Source Files</Filter>
    </ClCompile>
    <ClCompile Include="IFrameSinkImpl.cpp">
      <Filter>Source Files</Filter>
    </ClCompile>
    <ClCompile Include="PreRenderFrameSink.cpp">
      <Filter>Source Files</Filter>
    </ClCompile>
    <ClCompile Include="PreDecodeFrameSink.cpp">
      <Filter>Source Files</Filter>
    </ClCompile>
    <ClCompile Include="UnrenderedFrame.cpp">
      <Filter>Source Files</Filter>
    </ClCompile>
  </ItemGroup>
</Project>